Microsoft Visual Studio Solution File, Format Version 12.00
# Visual Studio Version 17
Project("{FAE04EC0-301F-11D3-BF4B-00C04F79EFBC}") = "Other", "Other\Other.csproj", "{55555555-5555-4555-8555-555555555555}"
EndProject
Project("{FAE04EC0-301F-11D3-BF4B-00C04F79EFBC}") = "Missing", "Missing\Missing.csproj", "{66666666-6666-4666-8666-666666666666}"
EndProject
Global
EndGlobal
