
Microsoft Visual Studio Solution File, Format Version 12.00
# Visual Studio Version 17
VisualStudioVersion = 17.0.31903.59
MinimumVisualStudioVersion = 10.0.40219.1
Project("{2150E333-8FDC-42A3-9474-1A3956D46DE8}") = "src", "src", "{827E0CD3-B72D-47B6-A68D-7590B98EB39B}"
EndProject
Project("{FAE04EC0-301F-11D3-BF4B-00C04F79EFBC}") = "DomainLens.Core", "src\DomainLens.Core\DomainLens.Core.csproj", "{34FD15AA-49FF-4C79-8EAA-703C37F31EAB}"
EndProject
Project("{FAE04EC0-301F-11D3-BF4B-00C04F79EFBC}") = "DomainLens.Scanner", "src\DomainLens.Scanner\DomainLens.Scanner.csproj", "{B6DB0910-A34A-4971-BF0C-C1D1885F5EE2}"
EndProject
Project("{FAE04EC0-301F-11D3-BF4B-00C04F79EFBC}") = "DomainLens.Semantics", "src\DomainLens.Semantics\DomainLens.Semantics.csproj", "{708AEDB2-3D3E-4170-B10A-8B54C60AF0B5}"
EndProject
Project("{FAE04EC0-301F-11D3-BF4B-00C04F79EFBC}") = "DomainLens.Analyzer.Protocol", "src\DomainLens.Analyzer.Protocol\DomainLens.Analyzer.Protocol.csproj", "{F28DF50B-9AC2-4460-9F8C-0D868331E691}"
EndProject
Project("{FAE04EC0-301F-11D3-BF4B-00C04F79EFBC}") = "DomainLens.Analyzer.Host", "src\DomainLens.Analyzer.Host\DomainLens.Analyzer.Host.csproj", "{4B3FCC39-1033-4EC6-B768-780079AD657B}"
EndProject
Project("{FAE04EC0-301F-11D3-BF4B-00C04F79EFBC}") = "DomainLens.Analyzer.Worker", "src\DomainLens.Analyzer.Worker\DomainLens.Analyzer.Worker.csproj", "{1A45FBA5-71D5-4E86-BC16-D540666F8128}"
EndProject
Project("{FAE04EC0-301F-11D3-BF4B-00C04F79EFBC}") = "DomainLens.Cli", "src\DomainLens.Cli\DomainLens.Cli.csproj", "{7F3D23D0-29D2-41E0-B7FE-461AC34CA34B}"
EndProject
Project("{FAE04EC0-301F-11D3-BF4B-00C04F79EFBC}") = "DomainLens.Scanner.Tests", "tests\DomainLens.Scanner.Tests\DomainLens.Scanner.Tests.csproj", "{E67C37E7-9BF3-41CB-82C9-604923E9FFF1}"
EndProject
Project("{FAE04EC0-301F-11D3-BF4B-00C04F79EFBC}") = "DomainLens.Semantics.Tests", "tests\DomainLens.Semantics.Tests\DomainLens.Semantics.Tests.csproj", "{A382D703-8D98-40BB-A58C-831ADF5CB3AA}"
EndProject
Project("{FAE04EC0-301F-11D3-BF4B-00C04F79EFBC}") = "DomainLens.Analyzer.TestWorker", "tests\DomainLens.Analyzer.TestWorker\DomainLens.Analyzer.TestWorker.csproj", "{51ECB5C0-BB47-49C1-8E39-DFEE96F10BFC}"
EndProject
Project("{FAE04EC0-301F-11D3-BF4B-00C04F79EFBC}") = "DomainLens.Analyzer.Tests", "tests\DomainLens.Analyzer.Tests\DomainLens.Analyzer.Tests.csproj", "{546A46E3-CA22-4B23-A081-402ED6A1152D}"
EndProject
Project("{FAE04EC0-301F-11D3-BF4B-00C04F79EFBC}") = "DomainLens.RepositoryPayload", "tests\DomainLens.RepositoryPayload\DomainLens.RepositoryPayload.csproj", "{E89B270E-5452-4CA0-99A8-763F264DB98B}"
EndProject
Global
	GlobalSection(SolutionConfigurationPlatforms) = preSolution
		Debug|Any CPU = Debug|Any CPU
		Debug|x64 = Debug|x64
		Debug|x86 = Debug|x86
		Release|Any CPU = Release|Any CPU
		Release|x64 = Release|x64
		Release|x86 = Release|x86
	EndGlobalSection
	GlobalSection(ProjectConfigurationPlatforms) = postSolution
		{34FD15AA-49FF-4C79-8EAA-703C37F31EAB}.Debug|Any CPU.ActiveCfg = Debug|Any CPU
		{34FD15AA-49FF-4C79-8EAA-703C37F31EAB}.Debug|Any CPU.Build.0 = Debug|Any CPU
		{34FD15AA-49FF-4C79-8EAA-703C37F31EAB}.Debug|x64.ActiveCfg = Debug|Any CPU
		{34FD15AA-49FF-4C79-8EAA-703C37F31EAB}.Debug|x64.Build.0 = Debug|Any CPU
		{34FD15AA-49FF-4C79-8EAA-703C37F31EAB}.Debug|x86.ActiveCfg = Debug|Any CPU
		{34FD15AA-49FF-4C79-8EAA-703C37F31EAB}.Debug|x86.Build.0 = Debug|Any CPU
		{34FD15AA-49FF-4C79-8EAA-703C37F31EAB}.Release|Any CPU.ActiveCfg = Release|Any CPU
		{34FD15AA-49FF-4C79-8EAA-703C37F31EAB}.Release|Any CPU.Build.0 = Release|Any CPU
		{34FD15AA-49FF-4C79-8EAA-703C37F31EAB}.Release|x64.ActiveCfg = Release|Any CPU
		{34FD15AA-49FF-4C79-8EAA-703C37F31EAB}.Release|x64.Build.0 = Release|Any CPU
		{34FD15AA-49FF-4C79-8EAA-703C37F31EAB}.Release|x86.ActiveCfg = Release|Any CPU
		{34FD15AA-49FF-4C79-8EAA-703C37F31EAB}.Release|x86.Build.0 = Release|Any CPU
		{B6DB0910-A34A-4971-BF0C-C1D1885F5EE2}.Debug|Any CPU.ActiveCfg = Debug|Any CPU
		{B6DB0910-A34A-4971-BF0C-C1D1885F5EE2}.Debug|Any CPU.Build.0 = Debug|Any CPU
		{B6DB0910-A34A-4971-BF0C-C1D1885F5EE2}.Debug|x64.ActiveCfg = Debug|Any CPU
		{B6DB0910-A34A-4971-BF0C-C1D1885F5EE2}.Debug|x64.Build.0 = Debug|Any CPU
		{B6DB0910-A34A-4971-BF0C-C1D1885F5EE2}.Debug|x86.ActiveCfg = Debug|Any CPU
		{B6DB0910-A34A-4971-BF0C-C1D1885F5EE2}.Debug|x86.Build.0 = Debug|Any CPU
		{B6DB0910-A34A-4971-BF0C-C1D1885F5EE2}.Release|Any CPU.ActiveCfg = Release|Any CPU
		{B6DB0910-A34A-4971-BF0C-C1D1885F5EE2}.Release|Any CPU.Build.0 = Release|Any CPU
		{B6DB0910-A34A-4971-BF0C-C1D1885F5EE2}.Release|x64.ActiveCfg = Release|Any CPU
		{B6DB0910-A34A-4971-BF0C-C1D1885F5EE2}.Release|x64.Build.0 = Release|Any CPU
		{B6DB0910-A34A-4971-BF0C-C1D1885F5EE2}.Release|x86.ActiveCfg = Release|Any CPU
		{B6DB0910-A34A-4971-BF0C-C1D1885F5EE2}.Release|x86.Build.0 = Release|Any CPU
		{7F3D23D0-29D2-41E0-B7FE-461AC34CA34B}.Debug|Any CPU.ActiveCfg = Debug|Any CPU
		{7F3D23D0-29D2-41E0-B7FE-461AC34CA34B}.Debug|Any CPU.Build.0 = Debug|Any CPU
		{7F3D23D0-29D2-41E0-B7FE-461AC34CA34B}.Debug|x64.ActiveCfg = Debug|Any CPU
		{7F3D23D0-29D2-41E0-B7FE-461AC34CA34B}.Debug|x64.Build.0 = Debug|Any CPU
		{7F3D23D0-29D2-41E0-B7FE-461AC34CA34B}.Debug|x86.ActiveCfg = Debug|Any CPU
		{7F3D23D0-29D2-41E0-B7FE-461AC34CA34B}.Debug|x86.Build.0 = Debug|Any CPU
		{7F3D23D0-29D2-41E0-B7FE-461AC34CA34B}.Release|Any CPU.ActiveCfg = Release|Any CPU
		{7F3D23D0-29D2-41E0-B7FE-461AC34CA34B}.Release|Any CPU.Build.0 = Release|Any CPU
		{7F3D23D0-29D2-41E0-B7FE-461AC34CA34B}.Release|x64.ActiveCfg = Release|Any CPU
		{7F3D23D0-29D2-41E0-B7FE-461AC34CA34B}.Release|x64.Build.0 = Release|Any CPU
		{7F3D23D0-29D2-41E0-B7FE-461AC34CA34B}.Release|x86.ActiveCfg = Release|Any CPU
		{7F3D23D0-29D2-41E0-B7FE-461AC34CA34B}.Release|x86.Build.0 = Release|Any CPU
		{E67C37E7-9BF3-41CB-82C9-604923E9FFF1}.Debug|Any CPU.ActiveCfg = Debug|Any CPU
		{E67C37E7-9BF3-41CB-82C9-604923E9FFF1}.Debug|Any CPU.Build.0 = Debug|Any CPU
		{E67C37E7-9BF3-41CB-82C9-604923E9FFF1}.Debug|x64.ActiveCfg = Debug|Any CPU
		{E67C37E7-9BF3-41CB-82C9-604923E9FFF1}.Debug|x64.Build.0 = Debug|Any CPU
		{E67C37E7-9BF3-41CB-82C9-604923E9FFF1}.Debug|x86.ActiveCfg = Debug|Any CPU
		{E67C37E7-9BF3-41CB-82C9-604923E9FFF1}.Debug|x86.Build.0 = Debug|Any CPU
		{E67C37E7-9BF3-41CB-82C9-604923E9FFF1}.Release|Any CPU.ActiveCfg = Release|Any CPU
		{E67C37E7-9BF3-41CB-82C9-604923E9FFF1}.Release|Any CPU.Build.0 = Release|Any CPU
		{E67C37E7-9BF3-41CB-82C9-604923E9FFF1}.Release|x64.ActiveCfg = Release|Any CPU
		{E67C37E7-9BF3-41CB-82C9-604923E9FFF1}.Release|x64.Build.0 = Release|Any CPU
		{E67C37E7-9BF3-41CB-82C9-604923E9FFF1}.Release|x86.ActiveCfg = Release|Any CPU
		{E67C37E7-9BF3-41CB-82C9-604923E9FFF1}.Release|x86.Build.0 = Release|Any CPU
		{708AEDB2-3D3E-4170-B10A-8B54C60AF0B5}.Debug|Any CPU.ActiveCfg = Debug|Any CPU
		{708AEDB2-3D3E-4170-B10A-8B54C60AF0B5}.Debug|Any CPU.Build.0 = Debug|Any CPU
		{708AEDB2-3D3E-4170-B10A-8B54C60AF0B5}.Debug|x64.ActiveCfg = Debug|Any CPU
		{708AEDB2-3D3E-4170-B10A-8B54C60AF0B5}.Debug|x64.Build.0 = Debug|Any CPU
		{708AEDB2-3D3E-4170-B10A-8B54C60AF0B5}.Debug|x86.ActiveCfg = Debug|Any CPU
		{708AEDB2-3D3E-4170-B10A-8B54C60AF0B5}.Debug|x86.Build.0 = Debug|Any CPU
		{708AEDB2-3D3E-4170-B10A-8B54C60AF0B5}.Release|Any CPU.ActiveCfg = Release|Any CPU
		{708AEDB2-3D3E-4170-B10A-8B54C60AF0B5}.Release|Any CPU.Build.0 = Release|Any CPU
		{708AEDB2-3D3E-4170-B10A-8B54C60AF0B5}.Release|x64.ActiveCfg = Release|Any CPU
		{708AEDB2-3D3E-4170-B10A-8B54C60AF0B5}.Release|x64.Build.0 = Release|Any CPU
		{708AEDB2-3D3E-4170-B10A-8B54C60AF0B5}.Release|x86.ActiveCfg = Release|Any CPU
		{708AEDB2-3D3E-4170-B10A-8B54C60AF0B5}.Release|x86.Build.0 = Release|Any CPU
		{F28DF50B-9AC2-4460-9F8C-0D868331E691}.Debug|Any CPU.ActiveCfg = Debug|Any CPU
		{F28DF50B-9AC2-4460-9F8C-0D868331E691}.Debug|Any CPU.Build.0 = Debug|Any CPU
		{F28DF50B-9AC2-4460-9F8C-0D868331E691}.Debug|x64.ActiveCfg = Debug|Any CPU
		{F28DF50B-9AC2-4460-9F8C-0D868331E691}.Debug|x64.Build.0 = Debug|Any CPU
		{F28DF50B-9AC2-4460-9F8C-0D868331E691}.Debug|x86.ActiveCfg = Debug|Any CPU
		{F28DF50B-9AC2-4460-9F8C-0D868331E691}.Debug|x86.Build.0 = Debug|Any CPU
		{F28DF50B-9AC2-4460-9F8C-0D868331E691}.Release|Any CPU.ActiveCfg = Release|Any CPU
		{F28DF50B-9AC2-4460-9F8C-0D868331E691}.Release|Any CPU.Build.0 = Release|Any CPU
		{F28DF50B-9AC2-4460-9F8C-0D868331E691}.Release|x64.ActiveCfg = Release|Any CPU
		{F28DF50B-9AC2-4460-9F8C-0D868331E691}.Release|x64.Build.0 = Release|Any CPU
		{F28DF50B-9AC2-4460-9F8C-0D868331E691}.Release|x86.ActiveCfg = Release|Any CPU
		{F28DF50B-9AC2-4460-9F8C-0D868331E691}.Release|x86.Build.0 = Release|Any CPU
		{4B3FCC39-1033-4EC6-B768-780079AD657B}.Debug|Any CPU.ActiveCfg = Debug|Any CPU
		{4B3FCC39-1033-4EC6-B768-780079AD657B}.Debug|Any CPU.Build.0 = Debug|Any CPU
		{4B3FCC39-1033-4EC6-B768-780079AD657B}.Debug|x64.ActiveCfg = Debug|Any CPU
		{4B3FCC39-1033-4EC6-B768-780079AD657B}.Debug|x64.Build.0 = Debug|Any CPU
		{4B3FCC39-1033-4EC6-B768-780079AD657B}.Debug|x86.ActiveCfg = Debug|Any CPU
		{4B3FCC39-1033-4EC6-B768-780079AD657B}.Debug|x86.Build.0 = Debug|Any CPU
		{4B3FCC39-1033-4EC6-B768-780079AD657B}.Release|Any CPU.ActiveCfg = Release|Any CPU
		{4B3FCC39-1033-4EC6-B768-780079AD657B}.Release|Any CPU.Build.0 = Release|Any CPU
		{4B3FCC39-1033-4EC6-B768-780079AD657B}.Release|x64.ActiveCfg = Release|Any CPU
		{4B3FCC39-1033-4EC6-B768-780079AD657B}.Release|x64.Build.0 = Release|Any CPU
		{4B3FCC39-1033-4EC6-B768-780079AD657B}.Release|x86.ActiveCfg = Release|Any CPU
		{4B3FCC39-1033-4EC6-B768-780079AD657B}.Release|x86.Build.0 = Release|Any CPU
		{1A45FBA5-71D5-4E86-BC16-D540666F8128}.Debug|Any CPU.ActiveCfg = Debug|Any CPU
		{1A45FBA5-71D5-4E86-BC16-D540666F8128}.Debug|Any CPU.Build.0 = Debug|Any CPU
		{1A45FBA5-71D5-4E86-BC16-D540666F8128}.Debug|x64.ActiveCfg = Debug|Any CPU
		{1A45FBA5-71D5-4E86-BC16-D540666F8128}.Debug|x64.Build.0 = Debug|Any CPU
		{1A45FBA5-71D5-4E86-BC16-D540666F8128}.Debug|x86.ActiveCfg = Debug|Any CPU
		{1A45FBA5-71D5-4E86-BC16-D540666F8128}.Debug|x86.Build.0 = Debug|Any CPU
		{1A45FBA5-71D5-4E86-BC16-D540666F8128}.Release|Any CPU.ActiveCfg = Release|Any CPU
		{1A45FBA5-71D5-4E86-BC16-D540666F8128}.Release|Any CPU.Build.0 = Release|Any CPU
		{1A45FBA5-71D5-4E86-BC16-D540666F8128}.Release|x64.ActiveCfg = Release|Any CPU
		{1A45FBA5-71D5-4E86-BC16-D540666F8128}.Release|x64.Build.0 = Release|Any CPU
		{1A45FBA5-71D5-4E86-BC16-D540666F8128}.Release|x86.ActiveCfg = Release|Any CPU
		{1A45FBA5-71D5-4E86-BC16-D540666F8128}.Release|x86.Build.0 = Release|Any CPU
		{A382D703-8D98-40BB-A58C-831ADF5CB3AA}.Debug|Any CPU.ActiveCfg = Debug|Any CPU
		{A382D703-8D98-40BB-A58C-831ADF5CB3AA}.Debug|Any CPU.Build.0 = Debug|Any CPU
		{A382D703-8D98-40BB-A58C-831ADF5CB3AA}.Debug|x64.ActiveCfg = Debug|Any CPU
		{A382D703-8D98-40BB-A58C-831ADF5CB3AA}.Debug|x64.Build.0 = Debug|Any CPU
		{A382D703-8D98-40BB-A58C-831ADF5CB3AA}.Debug|x86.ActiveCfg = Debug|Any CPU
		{A382D703-8D98-40BB-A58C-831ADF5CB3AA}.Debug|x86.Build.0 = Debug|Any CPU
		{A382D703-8D98-40BB-A58C-831ADF5CB3AA}.Release|Any CPU.ActiveCfg = Release|Any CPU
		{A382D703-8D98-40BB-A58C-831ADF5CB3AA}.Release|Any CPU.Build.0 = Release|Any CPU
		{A382D703-8D98-40BB-A58C-831ADF5CB3AA}.Release|x64.ActiveCfg = Release|Any CPU
		{A382D703-8D98-40BB-A58C-831ADF5CB3AA}.Release|x64.Build.0 = Release|Any CPU
		{A382D703-8D98-40BB-A58C-831ADF5CB3AA}.Release|x86.ActiveCfg = Release|Any CPU
		{A382D703-8D98-40BB-A58C-831ADF5CB3AA}.Release|x86.Build.0 = Release|Any CPU
		{51ECB5C0-BB47-49C1-8E39-DFEE96F10BFC}.Debug|Any CPU.ActiveCfg = Debug|Any CPU
		{51ECB5C0-BB47-49C1-8E39-DFEE96F10BFC}.Debug|Any CPU.Build.0 = Debug|Any CPU
		{51ECB5C0-BB47-49C1-8E39-DFEE96F10BFC}.Debug|x64.ActiveCfg = Debug|Any CPU
		{51ECB5C0-BB47-49C1-8E39-DFEE96F10BFC}.Debug|x64.Build.0 = Debug|Any CPU
		{51ECB5C0-BB47-49C1-8E39-DFEE96F10BFC}.Debug|x86.ActiveCfg = Debug|Any CPU
		{51ECB5C0-BB47-49C1-8E39-DFEE96F10BFC}.Debug|x86.Build.0 = Debug|Any CPU
		{51ECB5C0-BB47-49C1-8E39-DFEE96F10BFC}.Release|Any CPU.ActiveCfg = Release|Any CPU
		{51ECB5C0-BB47-49C1-8E39-DFEE96F10BFC}.Release|Any CPU.Build.0 = Release|Any CPU
		{51ECB5C0-BB47-49C1-8E39-DFEE96F10BFC}.Release|x64.ActiveCfg = Release|Any CPU
		{51ECB5C0-BB47-49C1-8E39-DFEE96F10BFC}.Release|x64.Build.0 = Release|Any CPU
		{51ECB5C0-BB47-49C1-8E39-DFEE96F10BFC}.Release|x86.ActiveCfg = Release|Any CPU
		{51ECB5C0-BB47-49C1-8E39-DFEE96F10BFC}.Release|x86.Build.0 = Release|Any CPU
		{546A46E3-CA22-4B23-A081-402ED6A1152D}.Debug|Any CPU.ActiveCfg = Debug|Any CPU
		{546A46E3-CA22-4B23-A081-402ED6A1152D}.Debug|Any CPU.Build.0 = Debug|Any CPU
		{546A46E3-CA22-4B23-A081-402ED6A1152D}.Debug|x64.ActiveCfg = Debug|Any CPU
		{546A46E3-CA22-4B23-A081-402ED6A1152D}.Debug|x64.Build.0 = Debug|Any CPU
		{546A46E3-CA22-4B23-A081-402ED6A1152D}.Debug|x86.ActiveCfg = Debug|Any CPU
		{546A46E3-CA22-4B23-A081-402ED6A1152D}.Debug|x86.Build.0 = Debug|Any CPU
		{546A46E3-CA22-4B23-A081-402ED6A1152D}.Release|Any CPU.ActiveCfg = Release|Any CPU
		{546A46E3-CA22-4B23-A081-402ED6A1152D}.Release|Any CPU.Build.0 = Release|Any CPU
		{546A46E3-CA22-4B23-A081-402ED6A1152D}.Release|x64.ActiveCfg = Release|Any CPU
		{546A46E3-CA22-4B23-A081-402ED6A1152D}.Release|x64.Build.0 = Release|Any CPU
		{546A46E3-CA22-4B23-A081-402ED6A1152D}.Release|x86.ActiveCfg = Release|Any CPU
		{546A46E3-CA22-4B23-A081-402ED6A1152D}.Release|x86.Build.0 = Release|Any CPU
		{E89B270E-5452-4CA0-99A8-763F264DB98B}.Debug|Any CPU.ActiveCfg = Debug|Any CPU
		{E89B270E-5452-4CA0-99A8-763F264DB98B}.Debug|Any CPU.Build.0 = Debug|Any CPU
		{E89B270E-5452-4CA0-99A8-763F264DB98B}.Debug|x64.ActiveCfg = Debug|Any CPU
		{E89B270E-5452-4CA0-99A8-763F264DB98B}.Debug|x64.Build.0 = Debug|Any CPU
		{E89B270E-5452-4CA0-99A8-763F264DB98B}.Debug|x86.ActiveCfg = Debug|Any CPU
		{E89B270E-5452-4CA0-99A8-763F264DB98B}.Debug|x86.Build.0 = Debug|Any CPU
		{E89B270E-5452-4CA0-99A8-763F264DB98B}.Release|Any CPU.ActiveCfg = Release|Any CPU
		{E89B270E-5452-4CA0-99A8-763F264DB98B}.Release|Any CPU.Build.0 = Release|Any CPU
		{E89B270E-5452-4CA0-99A8-763F264DB98B}.Release|x64.ActiveCfg = Release|Any CPU
		{E89B270E-5452-4CA0-99A8-763F264DB98B}.Release|x64.Build.0 = Release|Any CPU
		{E89B270E-5452-4CA0-99A8-763F264DB98B}.Release|x86.ActiveCfg = Release|Any CPU
		{E89B270E-5452-4CA0-99A8-763F264DB98B}.Release|x86.Build.0 = Release|Any CPU
	EndGlobalSection
	GlobalSection(SolutionProperties) = preSolution
		HideSolutionNode = FALSE
	EndGlobalSection
	GlobalSection(NestedProjects) = preSolution
		{34FD15AA-49FF-4C79-8EAA-703C37F31EAB} = {827E0CD3-B72D-47B6-A68D-7590B98EB39B}
		{B6DB0910-A34A-4971-BF0C-C1D1885F5EE2} = {827E0CD3-B72D-47B6-A68D-7590B98EB39B}
		{708AEDB2-3D3E-4170-B10A-8B54C60AF0B5} = {827E0CD3-B72D-47B6-A68D-7590B98EB39B}
		{F28DF50B-9AC2-4460-9F8C-0D868331E691} = {827E0CD3-B72D-47B6-A68D-7590B98EB39B}
		{4B3FCC39-1033-4EC6-B768-780079AD657B} = {827E0CD3-B72D-47B6-A68D-7590B98EB39B}
		{1A45FBA5-71D5-4E86-BC16-D540666F8128} = {827E0CD3-B72D-47B6-A68D-7590B98EB39B}
		{7F3D23D0-29D2-41E0-B7FE-461AC34CA34B} = {827E0CD3-B72D-47B6-A68D-7590B98EB39B}
		{E67C37E7-9BF3-41CB-82C9-604923E9FFF1} = {827E0CD3-B72D-47B6-A68D-7590B98EB39B}
		{A382D703-8D98-40BB-A58C-831ADF5CB3AA} = {827E0CD3-B72D-47B6-A68D-7590B98EB39B}
		{51ECB5C0-BB47-49C1-8E39-DFEE96F10BFC} = {827E0CD3-B72D-47B6-A68D-7590B98EB39B}
		{546A46E3-CA22-4B23-A081-402ED6A1152D} = {827E0CD3-B72D-47B6-A68D-7590B98EB39B}
		{E89B270E-5452-4CA0-99A8-763F264DB98B} = {827E0CD3-B72D-47B6-A68D-7590B98EB39B}
	EndGlobalSection
EndGlobal
